
Microsoft Visual Studio Solution File, Format Version 12.00
# Visual Studio Version 17
VisualStudioVersion = 17.5.002.0
MinimumVisualStudioVersion = 10.0.40219.1
Project("{9A19103F-16F7-4668-BE54-9A1E7A4F7556}") = "Umbraco", "Umbraco.csproj", "{2E171EBE-0266-4207-8CEB-687A137DAA75}"
EndProject
Global
	GlobalSection(SolutionConfigurationPlatforms) = preSolution
		Debug|Any CPU = Debug|Any CPU
		Release|Any CPU = Release|Any CPU
	EndGlobalSection
	GlobalSection(ProjectConfigurationPlatforms) = postSolution
		{2E171EBE-0266-4207-8CEB-687A137DAA75}.Debug|Any CPU.ActiveCfg = Debug|Any CPU
		{2E171EBE-0266-4207-8CEB-687A137DAA75}.Debug|Any CPU.Build.0 = Debug|Any CPU
		{2E171EBE-0266-4207-8CEB-687A137DAA75}.Release|Any CPU.ActiveCfg = Release|Any CPU
		{2E171EBE-0266-4207-8CEB-687A137DAA75}.Release|Any CPU.Build.0 = Release|Any CPU
	EndGlobalSection
	GlobalSection(SolutionProperties) = preSolution
		HideSolutionNode = FALSE
	EndGlobalSection
	GlobalSection(ExtensibilityGlobals) = postSolution
		SolutionGuid = {C10FDEBD-7FAB-4788-98D2-5925D1ED3D67}
	EndGlobalSection
EndGlobal
