
Microsoft Visual Studio Solution File, Format Version 12.00
# Visual Studio Version 17
VisualStudioVersion = 17.5.002.0
MinimumVisualStudioVersion = 10.0.40219.1
Project("{9A19103F-16F7-4668-BE54-9A1E7A4F7556}") = "Umbraco", "Umbraco.csproj", "{61BD04B0-EC2D-4BFC-93F3-25E919B16FE9}"
EndProject
Global
	GlobalSection(SolutionConfigurationPlatforms) = preSolution
		Debug|Any CPU = Debug|Any CPU
		Release|Any CPU = Release|Any CPU
	EndGlobalSection
	GlobalSection(ProjectConfigurationPlatforms) = postSolution
		{61BD04B0-EC2D-4BFC-93F3-25E919B16FE9}.Debug|Any CPU.ActiveCfg = Debug|Any CPU
		{61BD04B0-EC2D-4BFC-93F3-25E919B16FE9}.Debug|Any CPU.Build.0 = Debug|Any CPU
		{61BD04B0-EC2D-4BFC-93F3-25E919B16FE9}.Release|Any CPU.ActiveCfg = Release|Any CPU
		{61BD04B0-EC2D-4BFC-93F3-25E919B16FE9}.Release|Any CPU.Build.0 = Release|Any CPU
	EndGlobalSection
	GlobalSection(SolutionProperties) = preSolution
		HideSolutionNode = FALSE
	EndGlobalSection
	GlobalSection(ExtensibilityGlobals) = postSolution
		SolutionGuid = {C10FDEBD-7FAB-4788-98D2-5925D1ED3D67}
	EndGlobalSection
EndGlobal
